
Microsoft Visual Studio Solution File, Format Version 12.00
# Visual Studio Version 17
VisualStudioVersion = 17.12.35506.116 d17.12
MinimumVisualStudioVersion = 10.0.40219.1
Project("{FAE04EC0-301F-11D3-BF4B-00C04F79EFBC}") = "VerkhiturovaDZ3", "VerkhiturovaDZ3\VerkhiturovaDZ3.csproj", "{6CD084B8-AC22-4FCB-8FFC-307858C262C6}"
EndProject
Project("{FAE04EC0-301F-11D3-BF4B-00C04F79EFBC}") = "lab3", "lab3\lab3.csproj", "{9DD36A0D-838A-44E4-BC59-81684D648AA5}"
EndProject
Global
	GlobalSection(SolutionConfigurationPlatforms) = preSolution
		Debug|Any CPU = Debug|Any CPU
		Release|Any CPU = Release|Any CPU
	EndGlobalSection
	GlobalSection(ProjectConfigurationPlatforms) = postSolution
		{6CD084B8-AC22-4FCB-8FFC-307858C262C6}.Debug|Any CPU.ActiveCfg = Debug|Any CPU
		{6CD084B8-AC22-4FCB-8FFC-307858C262C6}.Debug|Any CPU.Build.0 = Debug|Any CPU
		{6CD084B8-AC22-4FCB-8FFC-307858C262C6}.Release|Any CPU.ActiveCfg = Release|Any CPU
		{6CD084B8-AC22-4FCB-8FFC-307858C262C6}.Release|Any CPU.Build.0 = Release|Any CPU
		{9DD36A0D-838A-44E4-BC59-81684D648AA5}.Debug|Any CPU.ActiveCfg = Debug|Any CPU
		{9DD36A0D-838A-44E4-BC59-81684D648AA5}.Debug|Any CPU.Build.0 = Debug|Any CPU
		{9DD36A0D-838A-44E4-BC59-81684D648AA5}.Release|Any CPU.ActiveCfg = Release|Any CPU
		{9DD36A0D-838A-44E4-BC59-81684D648AA5}.Release|Any CPU.Build.0 = Release|Any CPU
	EndGlobalSection
	GlobalSection(SolutionProperties) = preSolution
		HideSolutionNode = FALSE
	EndGlobalSection
EndGlobal
